
Microsoft Visual Studio Solution File, Format Version 12.00
# Visual Studio Version 17
VisualStudioVersion = 17.5.2.0
MinimumVisualStudioVersion = 10.0.40219.1
Project("{2150E333-8FDC-42A3-9474-1A3956D46DE8}") = "godot", "godot", "{8D4FAABC-C56A-6D5C-8531-6A6B417F5DBA}"
EndProject
Project("{FAE04EC0-301F-11D3-BF4B-00C04F79EFBC}") = "goblin", "godot\goblin.csproj", "{58433156-DA8D-F57B-5725-5E643C0B424D}"
EndProject
Project("{2150E333-8FDC-42A3-9474-1A3956D46DE8}") = "SourceGenerators", "SourceGenerators", "{B8F0A1C5-1234-4D3E-9ABC-DEF012345670}"
EndProject
Project("{FAE04EC0-301F-11D3-BF4B-00C04F79EFBC}") = "Goblin.SourceGenerators", "SourceGenerators\Goblin.SourceGenerators\Goblin.SourceGenerators.csproj", "{B8F0A1C5-1234-4D3E-9ABC-DEF012345678}"
EndProject
Project("{2150E333-8FDC-42A3-9474-1A3956D46DE8}") = "Tests", "Tests", "{C9A1B2D6-2345-4E4F-ABCD-EF0123456780}"
EndProject
Project("{FAE04EC0-301F-11D3-BF4B-00C04F79EFBC}") = "Goblin.Logic.Standalone", "Tests\Goblin.Logic.Standalone\Goblin.Logic.Standalone.csproj", "{C9A1B2D6-2345-4E4F-ABCD-EF0123456789}"
EndProject
Project("{FAE04EC0-301F-11D3-BF4B-00C04F79EFBC}") = "Goblin.SourceGenerators.Tests", "Tests\Goblin.SourceGenerators.Tests\Goblin.SourceGenerators.Tests.csproj", "{D0B2C3E7-3456-4F5A-BCDE-F01234567890}"
EndProject
Project("{FAE04EC0-301F-11D3-BF4B-00C04F79EFBC}") = "Goblin.Logic.Tests", "Tests\Goblin.Logic.Tests\Goblin.Logic.Tests.csproj", "{E1C3D4F8-4567-4A6B-CDEF-012345678901}"
EndProject
Global
	GlobalSection(SolutionConfigurationPlatforms) = preSolution
		Debug|Any CPU = Debug|Any CPU
		Release|Any CPU = Release|Any CPU
	EndGlobalSection
	GlobalSection(ProjectConfigurationPlatforms) = postSolution
		{58433156-DA8D-F57B-5725-5E643C0B424D}.Debug|Any CPU.ActiveCfg = Debug|Any CPU
		{58433156-DA8D-F57B-5725-5E643C0B424D}.Debug|Any CPU.Build.0 = Debug|Any CPU
		{58433156-DA8D-F57B-5725-5E643C0B424D}.Release|Any CPU.ActiveCfg = Release|Any CPU
		{58433156-DA8D-F57B-5725-5E643C0B424D}.Release|Any CPU.Build.0 = Release|Any CPU
		{B8F0A1C5-1234-4D3E-9ABC-DEF012345678}.Debug|Any CPU.ActiveCfg = Debug|Any CPU
		{B8F0A1C5-1234-4D3E-9ABC-DEF012345678}.Debug|Any CPU.Build.0 = Debug|Any CPU
		{B8F0A1C5-1234-4D3E-9ABC-DEF012345678}.Release|Any CPU.ActiveCfg = Release|Any CPU
		{B8F0A1C5-1234-4D3E-9ABC-DEF012345678}.Release|Any CPU.Build.0 = Release|Any CPU
		{C9A1B2D6-2345-4E4F-ABCD-EF0123456789}.Debug|Any CPU.ActiveCfg = Debug|Any CPU
		{C9A1B2D6-2345-4E4F-ABCD-EF0123456789}.Debug|Any CPU.Build.0 = Debug|Any CPU
		{C9A1B2D6-2345-4E4F-ABCD-EF0123456789}.Release|Any CPU.ActiveCfg = Release|Any CPU
		{C9A1B2D6-2345-4E4F-ABCD-EF0123456789}.Release|Any CPU.Build.0 = Release|Any CPU
		{D0B2C3E7-3456-4F5A-BCDE-F01234567890}.Debug|Any CPU.ActiveCfg = Debug|Any CPU
		{D0B2C3E7-3456-4F5A-BCDE-F01234567890}.Debug|Any CPU.Build.0 = Debug|Any CPU
		{D0B2C3E7-3456-4F5A-BCDE-F01234567890}.Release|Any CPU.ActiveCfg = Release|Any CPU
		{D0B2C3E7-3456-4F5A-BCDE-F01234567890}.Release|Any CPU.Build.0 = Release|Any CPU
		{E1C3D4F8-4567-4A6B-CDEF-012345678901}.Debug|Any CPU.ActiveCfg = Debug|Any CPU
		{E1C3D4F8-4567-4A6B-CDEF-012345678901}.Debug|Any CPU.Build.0 = Debug|Any CPU
		{E1C3D4F8-4567-4A6B-CDEF-012345678901}.Release|Any CPU.ActiveCfg = Release|Any CPU
		{E1C3D4F8-4567-4A6B-CDEF-012345678901}.Release|Any CPU.Build.0 = Release|Any CPU
	EndGlobalSection
	GlobalSection(SolutionProperties) = preSolution
		HideSolutionNode = FALSE
	EndGlobalSection
	GlobalSection(NestedProjects) = preSolution
		{58433156-DA8D-F57B-5725-5E643C0B424D} = {8D4FAABC-C56A-6D5C-8531-6A6B417F5DBA}
		{B8F0A1C5-1234-4D3E-9ABC-DEF012345678} = {B8F0A1C5-1234-4D3E-9ABC-DEF012345670}
		{C9A1B2D6-2345-4E4F-ABCD-EF0123456789} = {C9A1B2D6-2345-4E4F-ABCD-EF0123456780}
		{D0B2C3E7-3456-4F5A-BCDE-F01234567890} = {C9A1B2D6-2345-4E4F-ABCD-EF0123456780}
		{E1C3D4F8-4567-4A6B-CDEF-012345678901} = {C9A1B2D6-2345-4E4F-ABCD-EF0123456780}
	EndGlobalSection
	GlobalSection(ExtensibilityGlobals) = postSolution
		SolutionGuid = {48381B00-5095-4EF5-ACEB-810FAD7DB51B}
	EndGlobalSection
EndGlobal
