
Microsoft Visual Studio Solution File, Format Version 12.00
# Visual Studio 15
Project("{FAE04EC0-301F-11D3-BF4B-00C04F79EFBC}") = "UnityEngine.TestRunner", "UnityEngine.TestRunner.csproj", "{6043B081-17A8-64BC-7FE1-03566B18D6AB}"
EndProject
Project("{FAE04EC0-301F-11D3-BF4B-00C04F79EFBC}") = "YooAsset", "YooAsset.csproj", "{34813E10-62EE-A55F-AD6B-C7C8E2E2CEDC}"
EndProject
Project("{FAE04EC0-301F-11D3-BF4B-00C04F79EFBC}") = "Assembly-CSharp", "Assembly-CSharp.csproj", "{D8AAC7AF-45DA-1FE2-19D2-E5144D87BA76}"
EndProject
Project("{FAE04EC0-301F-11D3-BF4B-00C04F79EFBC}") = "Unity.VisualStudio.Editor", "Unity.VisualStudio.Editor.csproj", "{EB269544-9C98-F422-B088-4265F255A903}"
EndProject
Project("{FAE04EC0-301F-11D3-BF4B-00C04F79EFBC}") = "UnityEditor.TestRunner", "UnityEditor.TestRunner.csproj", "{EFC6C421-6352-EF44-76F8-B29AA90E0A8C}"
EndProject
Project("{FAE04EC0-301F-11D3-BF4B-00C04F79EFBC}") = "YooAsset.Editor", "YooAsset.Editor.csproj", "{7B61C203-76B5-0E7E-9727-2A2D1B0A7565}"
EndProject
Global
	GlobalSection(SolutionConfigurationPlatforms) = preSolution
		Debug|Any CPU = Debug|Any CPU
		Release|Any CPU = Release|Any CPU
	EndGlobalSection
	GlobalSection(ProjectConfigurationPlatforms) = postSolution
		{6043B081-17A8-64BC-7FE1-03566B18D6AB}.Debug|Any CPU.ActiveCfg = Debug|Any CPU
		{6043B081-17A8-64BC-7FE1-03566B18D6AB}.Debug|Any CPU.Build.0 = Debug|Any CPU
		{6043B081-17A8-64BC-7FE1-03566B18D6AB}.Release|Any CPU.ActiveCfg = Release|Any CPU
		{6043B081-17A8-64BC-7FE1-03566B18D6AB}.Release|Any CPU.Build.0 = Release|Any CPU
		{34813E10-62EE-A55F-AD6B-C7C8E2E2CEDC}.Debug|Any CPU.ActiveCfg = Debug|Any CPU
		{34813E10-62EE-A55F-AD6B-C7C8E2E2CEDC}.Debug|Any CPU.Build.0 = Debug|Any CPU
		{34813E10-62EE-A55F-AD6B-C7C8E2E2CEDC}.Release|Any CPU.ActiveCfg = Release|Any CPU
		{34813E10-62EE-A55F-AD6B-C7C8E2E2CEDC}.Release|Any CPU.Build.0 = Release|Any CPU
		{D8AAC7AF-45DA-1FE2-19D2-E5144D87BA76}.Debug|Any CPU.ActiveCfg = Debug|Any CPU
		{D8AAC7AF-45DA-1FE2-19D2-E5144D87BA76}.Debug|Any CPU.Build.0 = Debug|Any CPU
		{D8AAC7AF-45DA-1FE2-19D2-E5144D87BA76}.Release|Any CPU.ActiveCfg = Release|Any CPU
		{D8AAC7AF-45DA-1FE2-19D2-E5144D87BA76}.Release|Any CPU.Build.0 = Release|Any CPU
		{EB269544-9C98-F422-B088-4265F255A903}.Debug|Any CPU.ActiveCfg = Debug|Any CPU
		{EB269544-9C98-F422-B088-4265F255A903}.Debug|Any CPU.Build.0 = Debug|Any CPU
		{EB269544-9C98-F422-B088-4265F255A903}.Release|Any CPU.ActiveCfg = Release|Any CPU
		{EB269544-9C98-F422-B088-4265F255A903}.Release|Any CPU.Build.0 = Release|Any CPU
		{EFC6C421-6352-EF44-76F8-B29AA90E0A8C}.Debug|Any CPU.ActiveCfg = Debug|Any CPU
		{EFC6C421-6352-EF44-76F8-B29AA90E0A8C}.Debug|Any CPU.Build.0 = Debug|Any CPU
		{EFC6C421-6352-EF44-76F8-B29AA90E0A8C}.Release|Any CPU.ActiveCfg = Release|Any CPU
		{EFC6C421-6352-EF44-76F8-B29AA90E0A8C}.Release|Any CPU.Build.0 = Release|Any CPU
		{7B61C203-76B5-0E7E-9727-2A2D1B0A7565}.Debug|Any CPU.ActiveCfg = Debug|Any CPU
		{7B61C203-76B5-0E7E-9727-2A2D1B0A7565}.Debug|Any CPU.Build.0 = Debug|Any CPU
		{7B61C203-76B5-0E7E-9727-2A2D1B0A7565}.Release|Any CPU.ActiveCfg = Release|Any CPU
		{7B61C203-76B5-0E7E-9727-2A2D1B0A7565}.Release|Any CPU.Build.0 = Release|Any CPU
	EndGlobalSection
	GlobalSection(SolutionProperties) = preSolution
		HideSolutionNode = FALSE
	EndGlobalSection
EndGlobal
